
Microsoft Visual Studio Solution File, Format Version 12.00
# Visual Studio Version 17
VisualStudioVersion = 17.14.36511.14 d17.14
MinimumVisualStudioVersion = 10.0.40219.1
Project("{FAE04EC0-301F-11D3-BF4B-00C04F79EFBC}") = "6.2_M.Adyatma Arfa Wibowo_ X PLLG 1", "6.2_M.Adyatma Arfa Wibowo_ X PLLG 1\6.2_M.Adyatma Arfa Wibowo_ X PLLG 1.csproj", "{8903E08D-7DEB-4DD6-96CD-30EAF7E35C54}"
EndProject
Global
	GlobalSection(SolutionConfigurationPlatforms) = preSolution
		Debug|Any CPU = Debug|Any CPU
		Release|Any CPU = Release|Any CPU
	EndGlobalSection
	GlobalSection(ProjectConfigurationPlatforms) = postSolution
		{8903E08D-7DEB-4DD6-96CD-30EAF7E35C54}.Debug|Any CPU.ActiveCfg = Debug|Any CPU
		{8903E08D-7DEB-4DD6-96CD-30EAF7E35C54}.Debug|Any CPU.Build.0 = Debug|Any CPU
		{8903E08D-7DEB-4DD6-96CD-30EAF7E35C54}.Release|Any CPU.ActiveCfg = Release|Any CPU
		{8903E08D-7DEB-4DD6-96CD-30EAF7E35C54}.Release|Any CPU.Build.0 = Release|Any CPU
	EndGlobalSection
	GlobalSection(SolutionProperties) = preSolution
		HideSolutionNode = FALSE
	EndGlobalSection
	GlobalSection(ExtensibilityGlobals) = postSolution
		SolutionGuid = {3583F438-DCC4-4306-B47A-9CD6C16594B5}
	EndGlobalSection
EndGlobal
