
Microsoft Visual Studio Solution File, Format Version 12.00
# Visual Studio Version 17
VisualStudioVersion = 17.14.36511.14 d17.14
MinimumVisualStudioVersion = 10.0.40219.1
Project("{FAE04EC0-301F-11D3-BF4B-00C04F79EFBC}") = "5.4", "5.4\5.4.csproj", "{4CC4F9E3-625F-422A-BB5A-3C8590B06CA4}"
EndProject
Global
	GlobalSection(SolutionConfigurationPlatforms) = preSolution
		Debug|Any CPU = Debug|Any CPU
		Release|Any CPU = Release|Any CPU
	EndGlobalSection
	GlobalSection(ProjectConfigurationPlatforms) = postSolution
		{4CC4F9E3-625F-422A-BB5A-3C8590B06CA4}.Debug|Any CPU.ActiveCfg = Debug|Any CPU
		{4CC4F9E3-625F-422A-BB5A-3C8590B06CA4}.Debug|Any CPU.Build.0 = Debug|Any CPU
		{4CC4F9E3-625F-422A-BB5A-3C8590B06CA4}.Release|Any CPU.ActiveCfg = Release|Any CPU
		{4CC4F9E3-625F-422A-BB5A-3C8590B06CA4}.Release|Any CPU.Build.0 = Release|Any CPU
	EndGlobalSection
	GlobalSection(SolutionProperties) = preSolution
		HideSolutionNode = FALSE
	EndGlobalSection
	GlobalSection(ExtensibilityGlobals) = postSolution
		SolutionGuid = {2A7245CB-E4FB-486A-8CEA-24DC4891E2B8}
	EndGlobalSection
EndGlobal
